{
  "name": "rihawk",
  "version": "0.1.0",
  "lockfileVersion": 3,
  "requires": true,
  "packages": {
    "": {
      "name": "rihawk",
      "version": "0.1.0",
      "license": "MIT",
      "dependencies": {
        "no-riak": "^1.6.11"
      },
      "engines": {
        "node": ">=22.0.0"
      }
    },
    "node_modules/bin-protocol": {
      "version": "3.1.1",
      "resolved": "https://registry.npmjs.org/bin-protocol/-/bin-protocol-3.1.1.tgz",
      "integrity": "sha512-9vCGfaHC2GBHZwGQdG+DpyXfmLvx9uKtf570wMLwIc9wmTIDgsdCBXQxTZu5X2GyogkfBks2Ode4N0sUVxJ2qQ==",
      "license": "MIT",
      "dependencies": {
        "lodash": "^4.17.11",
        "long": "^4.0.0",
        "protocol-buffers-schema": "^3.0.0"
      }
    },
    "node_modules/bin-protocol/node_modules/long": {
      "version": "4.0.0",
      "resolved": "https://registry.npmjs.org/long/-/long-4.0.0.tgz",
      "integrity": "sha512-XsP+KhQif4bjX1kbuSiySJFNAehNxgLb6hPRGJ9QsUr8ajHkuXGdrHmFUTUUXhDwVX2R5bY4JNZEwbUiMhV+MA==",
      "license": "Apache-2.0"
    },
    "node_modules/bluebird": {
      "version": "3.7.2",
      "resolved": "https://registry.npmjs.org/bluebird/-/bluebird-3.7.2.tgz",
      "integrity": "sha512-XpNj6GDQzdfW+r2Wnn7xiSAd7TM3jzkxGXBGTtWKuSXv1xUV+azxAm8jdWZN06QTQk+2N2XB9jRDkvbmQmcRtg==",
      "license": "MIT"
    },
    "node_modules/lodash": {
      "version": "4.18.1",
      "resolved": "https://registry.npmjs.org/lodash/-/lodash-4.18.1.tgz",
      "integrity": "sha512-dMInicTPVE8d1e5otfwmmjlxkZoUpiVLwyeTdUsi/Caj/gfzzblBcCE5sRHV/AsjuCmxWrte2TNGSYuCeCq+0Q==",
      "license": "MIT"
    },
    "node_modules/no-riak": {
      "version": "1.6.11",
      "resolved": "https://registry.npmjs.org/no-riak/-/no-riak-1.6.11.tgz",
      "integrity": "sha512-a31OSRtLzh6Yd7w2cA6eELt+EqVGmju0ANYqsbASW1jtBd2pJqw0tmdcrRWoeHtugpkeZr0I1XznWXrfSPBgiQ==",
      "license": "MIT",
      "dependencies": {
        "bin-protocol": "^3.1.1",
        "bluebird": "^3.3.3",
        "lodash": "^4.17.11",
        "long": "^4.0.0",
        "wrr-pool": "^1.1.2"
      }
    },
    "node_modules/no-riak/node_modules/long": {
      "version": "4.0.0",
      "resolved": "https://registry.npmjs.org/long/-/long-4.0.0.tgz",
      "integrity": "sha512-XsP+KhQif4bjX1kbuSiySJFNAehNxgLb6hPRGJ9QsUr8ajHkuXGdrHmFUTUUXhDwVX2R5bY4JNZEwbUiMhV+MA==",
      "license": "Apache-2.0"
    },
    "node_modules/protocol-buffers-schema": {
      "version": "3.6.1",
      "resolved": "https://registry.npmjs.org/protocol-buffers-schema/-/protocol-buffers-schema-3.6.1.tgz",
      "integrity": "sha512-VG2K63Igkiv9p76tk1lilczEK1cT+kCjKtkdhw1dQZV3k3IXJbd3o6Ho8b9zJZaHSnT2hKe4I+ObmX9w6m5SmQ==",
      "license": "MIT"
    },
    "node_modules/wrr-pool": {
      "version": "1.1.4",
      "resolved": "https://registry.npmjs.org/wrr-pool/-/wrr-pool-1.1.4.tgz",
      "integrity": "sha512-+lEdj42HlYqmzhvkZrx6xEymj0wzPBxqr7U1Xh9IWikMzOge03JSQT9YzTGq54SkOh/noViq32UejADZVzrgAg==",
      "license": "MIT",
      "dependencies": {
        "lodash": "^4.17.11"
      }
    }
  }
}
